
Microsoft Visual Studio Solution File, Format Version 12.00
# Visual Studio Version 17
VisualStudioVersion = 17.14.36301.6
MinimumVisualStudioVersion = 10.0.40219.1
Project("{FAE04EC0-301F-11D3-BF4B-00C04F79EFBC}") = "DeepSigma.ConsoleUI", "DeepSigma.ConsoleUI.csproj", "{1120BB63-8120-44AB-9C62-FD5B447624DC}"
EndProject
Project("{FAE04EC0-301F-11D3-BF4B-00C04F79EFBC}") = "DeepSigma.ConsoleUI.Tests", "..\DeepSigma.ConsoleUI.Tests\DeepSigma.ConsoleUI.Tests.csproj", "{767758B3-C169-4ED9-9E64-50BAB14B4CA1}"
EndProject
Global
	GlobalSection(SolutionConfigurationPlatforms) = preSolution
		Debug|Any CPU = Debug|Any CPU
		Release|Any CPU = Release|Any CPU
	EndGlobalSection
	GlobalSection(ProjectConfigurationPlatforms) = postSolution
		{1120BB63-8120-44AB-9C62-FD5B447624DC}.Debug|Any CPU.ActiveCfg = Debug|Any CPU
		{1120BB63-8120-44AB-9C62-FD5B447624DC}.Debug|Any CPU.Build.0 = Debug|Any CPU
		{1120BB63-8120-44AB-9C62-FD5B447624DC}.Release|Any CPU.ActiveCfg = Release|Any CPU
		{1120BB63-8120-44AB-9C62-FD5B447624DC}.Release|Any CPU.Build.0 = Release|Any CPU
		{767758B3-C169-4ED9-9E64-50BAB14B4CA1}.Debug|Any CPU.ActiveCfg = Debug|Any CPU
		{767758B3-C169-4ED9-9E64-50BAB14B4CA1}.Debug|Any CPU.Build.0 = Debug|Any CPU
		{767758B3-C169-4ED9-9E64-50BAB14B4CA1}.Release|Any CPU.ActiveCfg = Release|Any CPU
		{767758B3-C169-4ED9-9E64-50BAB14B4CA1}.Release|Any CPU.Build.0 = Release|Any CPU
	EndGlobalSection
	GlobalSection(SolutionProperties) = preSolution
		HideSolutionNode = FALSE
	EndGlobalSection
	GlobalSection(ExtensibilityGlobals) = postSolution
		SolutionGuid = {970F68F9-E524-4D76-BA83-F0298FA69DBF}
	EndGlobalSection
EndGlobal
